
Microsoft Visual Studio Solution File, Format Version 12.00
# Visual Studio 15
VisualStudioVersion = 15.0.28307.421
MinimumVisualStudioVersion = 10.0.40219.1
Project("{FAE04EC0-301F-11D3-BF4B-00C04F79EFBC}") = "Agenda", "Agenda\Agenda.csproj", "{F56D3D49-85C2-4EC2-A536-7E7A583969D4}"
EndProject
Global
	GlobalSection(SolutionConfigurationPlatforms) = preSolution
		Debug|Any CPU = Debug|Any CPU
		Release|Any CPU = Release|Any CPU
	EndGlobalSection
	GlobalSection(ProjectConfigurationPlatforms) = postSolution
		{F56D3D49-85C2-4EC2-A536-7E7A583969D4}.Debug|Any CPU.ActiveCfg = Debug|Any CPU
		{F56D3D49-85C2-4EC2-A536-7E7A583969D4}.Debug|Any CPU.Build.0 = Debug|Any CPU
		{F56D3D49-85C2-4EC2-A536-7E7A583969D4}.Release|Any CPU.ActiveCfg = Release|Any CPU
		{F56D3D49-85C2-4EC2-A536-7E7A583969D4}.Release|Any CPU.Build.0 = Release|Any CPU
	EndGlobalSection
	GlobalSection(SolutionProperties) = preSolution
		HideSolutionNode = FALSE
	EndGlobalSection
	GlobalSection(ExtensibilityGlobals) = postSolution
		SolutionGuid = {95176280-2A77-48B6-A0DC-435AAF4DDFE8}
	EndGlobalSection
EndGlobal
